
Microsoft Visual Studio Solution File, Format Version 12.00
# Visual Studio Version 17
VisualStudioVersion = 17.1.32228.430
MinimumVisualStudioVersion = 10.0.40219.1
Project("{8BC9CEB8-8B4A-11D0-8D11-00A0C91BC942}") = "ArrayAndStrings", "ArrayAndStrings\ArrayAndStrings.vcxproj", "{6A10C886-9816-455D-9C3D-B932785482C3}"
	ProjectSection(ProjectDependencies) = postProject
		{0B5F4636-BAC9-49BA-A761-129AD5BB0420} = {0B5F4636-BAC9-49BA-A761-129AD5BB0420}
	EndProjectSection
EndProject
Project("{8BC9CEB8-8B4A-11D0-8D11-00A0C91BC942}") = "LeetCodeUtil", "LeetCodeUtil\LeetCodeUtil.vcxproj", "{0B5F4636-BAC9-49BA-A761-129AD5BB0420}"
EndProject
Project("{8BC9CEB8-8B4A-11D0-8D11-00A0C91BC942}") = "LinkedList", "LinkedList\LinkedList.vcxproj", "{4F46F079-5A4F-44C8-A699-367D05AC65EC}"
	ProjectSection(ProjectDependencies) = postProject
		{0B5F4636-BAC9-49BA-A761-129AD5BB0420} = {0B5F4636-BAC9-49BA-A761-129AD5BB0420}
	EndProjectSection
EndProject
Project("{8BC9CEB8-8B4A-11D0-8D11-00A0C91BC942}") = "TreesAndGraphs", "TreesAndGraphs\TreesAndGraphs.vcxproj", "{728158F7-B928-4BB6-81CB-F2101F4C585C}"
	ProjectSection(ProjectDependencies) = postProject
		{0B5F4636-BAC9-49BA-A761-129AD5BB0420} = {0B5F4636-BAC9-49BA-A761-129AD5BB0420}
	EndProjectSection
EndProject
Global
	GlobalSection(SolutionConfigurationPlatforms) = preSolution
		Debug|x64 = Debug|x64
		Debug|x86 = Debug|x86
		Release|x64 = Release|x64
		Release|x86 = Release|x86
	EndGlobalSection
	GlobalSection(ProjectConfigurationPlatforms) = postSolution
		{6A10C886-9816-455D-9C3D-B932785482C3}.Debug|x64.ActiveCfg = Debug|x64
		{6A10C886-9816-455D-9C3D-B932785482C3}.Debug|x64.Build.0 = Debug|x64
		{6A10C886-9816-455D-9C3D-B932785482C3}.Debug|x86.ActiveCfg = Debug|Win32
		{6A10C886-9816-455D-9C3D-B932785482C3}.Debug|x86.Build.0 = Debug|Win32
		{6A10C886-9816-455D-9C3D-B932785482C3}.Release|x64.ActiveCfg = Release|x64
		{6A10C886-9816-455D-9C3D-B932785482C3}.Release|x64.Build.0 = Release|x64
		{6A10C886-9816-455D-9C3D-B932785482C3}.Release|x86.ActiveCfg = Release|Win32
		{6A10C886-9816-455D-9C3D-B932785482C3}.Release|x86.Build.0 = Release|Win32
		{0B5F4636-BAC9-49BA-A761-129AD5BB0420}.Debug|x64.ActiveCfg = Debug|x64
		{0B5F4636-BAC9-49BA-A761-129AD5BB0420}.Debug|x64.Build.0 = Debug|x64
		{0B5F4636-BAC9-49BA-A761-129AD5BB0420}.Debug|x86.ActiveCfg = Debug|Win32
		{0B5F4636-BAC9-49BA-A761-129AD5BB0420}.Debug|x86.Build.0 = Debug|Win32
		{0B5F4636-BAC9-49BA-A761-129AD5BB0420}.Release|x64.ActiveCfg = Release|x64
		{0B5F4636-BAC9-49BA-A761-129AD5BB0420}.Release|x64.Build.0 = Release|x64
		{0B5F4636-BAC9-49BA-A761-129AD5BB0420}.Release|x86.ActiveCfg = Release|Win32
		{0B5F4636-BAC9-49BA-A761-129AD5BB0420}.Release|x86.Build.0 = Release|Win32
		{4F46F079-5A4F-44C8-A699-367D05AC65EC}.Debug|x64.ActiveCfg = Debug|x64
		{4F46F079-5A4F-44C8-A699-367D05AC65EC}.Debug|x64.Build.0 = Debug|x64
		{4F46F079-5A4F-44C8-A699-367D05AC65EC}.Debug|x86.ActiveCfg = Debug|Win32
		{4F46F079-5A4F-44C8-A699-367D05AC65EC}.Debug|x86.Build.0 = Debug|Win32
		{4F46F079-5A4F-44C8-A699-367D05AC65EC}.Release|x64.ActiveCfg = Release|x64
		{4F46F079-5A4F-44C8-A699-367D05AC65EC}.Release|x64.Build.0 = Release|x64
		{4F46F079-5A4F-44C8-A699-367D05AC65EC}.Release|x86.ActiveCfg = Release|Win32
		{4F46F079-5A4F-44C8-A699-367D05AC65EC}.Release|x86.Build.0 = Release|Win32
		{728158F7-B928-4BB6-81CB-F2101F4C585C}.Debug|x64.ActiveCfg = Debug|x64
		{728158F7-B928-4BB6-81CB-F2101F4C585C}.Debug|x64.Build.0 = Debug|x64
		{728158F7-B928-4BB6-81CB-F2101F4C585C}.Debug|x86.ActiveCfg = Debug|Win32
		{728158F7-B928-4BB6-81CB-F2101F4C585C}.Debug|x86.Build.0 = Debug|Win32
		{728158F7-B928-4BB6-81CB-F2101F4C585C}.Release|x64.ActiveCfg = Release|x64
		{728158F7-B928-4BB6-81CB-F2101F4C585C}.Release|x64.Build.0 = Release|x64
		{728158F7-B928-4BB6-81CB-F2101F4C585C}.Release|x86.ActiveCfg = Release|Win32
		{728158F7-B928-4BB6-81CB-F2101F4C585C}.Release|x86.Build.0 = Release|Win32
	EndGlobalSection
	GlobalSection(SolutionProperties) = preSolution
		HideSolutionNode = FALSE
	EndGlobalSection
	GlobalSection(ExtensibilityGlobals) = postSolution
		SolutionGuid = {F71A5153-9768-4063-A434-BC3A6E94DB6C}
	EndGlobalSection
EndGlobal
