
Microsoft Visual Studio Solution File, Format Version 12.00
# Visual Studio Version 17
VisualStudioVersion = 17.1.32228.430
MinimumVisualStudioVersion = 10.0.40219.1
Project("{8BC9CEB8-8B4A-11D0-8D11-00A0C91BC942}") = "ArrayAndStrings", "ArrayAndStrings\ArrayAndStrings.vcxproj", "{6A10C886-9816-455D-9C3D-B932785482C3}"
	ProjectSection(ProjectDependencies) = postProject
		{0B5F4636-BAC9-49BA-A761-129AD5BB0420} = {0B5F4636-BAC9-49BA-A761-129AD5BB0420}
	EndProjectSection
EndProject
Project("{8BC9CEB8-8B4A-11D0-8D11-00A0C91BC942}") = "LeetCodeUtil", "LeetCodeUtil\LeetCodeUtil.vcxproj", "{0B5F4636-BAC9-49BA-A761-129AD5BB0420}"
EndProject
Project("{8BC9CEB8-8B4A-11D0-8D11-00A0C91BC942}") = "LinkedList", "LinkedList\LinkedList.vcxproj", "{4F46F079-5A4F-44C8-A699-367D05AC65EC}"
	ProjectSection(ProjectDependencies) = postProject
		{0B5F4636-BAC9-49BA-A761-129AD5BB0420} = {0B5F4636-BAC9-49BA-A761-129AD5BB0420}
	EndProjectSection
EndProject
Project("{8BC9CEB8-8B4A-11D0-8D11-00A0C91BC942}") = "TreesAndGraphs", "TreesAndGraphs\TreesAndGraphs.vcxproj", "{728158F7-B928-4BB6-81CB-F2101F4C585C}"
	ProjectSection(ProjectDependencies) = postProject
		{0B5F4636-BAC9-49BA-A761-129AD5BB0420} = {0B5F4636-BAC9-49BA-A761-129AD5BB0420}
	EndProjectSection
EndProject
Project("{8BC9CEB8-8B4A-11D0-8D11-00A0C91BC942}") = "Backtracking", "Backtracking\Backtracking.vcxproj", "{4AAE0F79-0D81-4158-B026-29E27886B05B}"
	ProjectSection(ProjectDependencies) = postProject
		{0B5F4636-BAC9-49BA-A761-129AD5BB0420} = {0B5F4636-BAC9-49BA-A761-129AD5BB0420}
	EndProjectSection
EndProject
Project("{8BC9CEB8-8B4A-11D0-8D11-00A0C91BC942}") = "SortingAndSearching", "SortingAndSearching\SortingAndSearching.vcxproj", "{CDDE94DF-48E2-4945-87C3-30109FEC467C}"
EndProject
Project("{8BC9CEB8-8B4A-11D0-8D11-00A0C91BC942}") = "DynamicProgramming", "DynamicProgramming\DynamicProgramming.vcxproj", "{F2A81C0E-F80C-4E3C-81AB-0B83C5B0BF74}"
EndProject
Project("{8BC9CEB8-8B4A-11D0-8D11-00A0C91BC942}") = "Design", "Design\Design.vcxproj", "{14C3BBF4-D661-4AE5-AF41-A3ADD8E6FCFC}"
EndProject
Project("{8BC9CEB8-8B4A-11D0-8D11-00A0C91BC942}") = "Math", "Math\Math.vcxproj", "{1B554498-FBBA-40FB-81E9-D7DE5BC7A3D3}"
EndProject
Project("{8BC9CEB8-8B4A-11D0-8D11-00A0C91BC942}") = "Others", "Others\Others.vcxproj", "{24B9D502-7746-4173-850C-6D51CFB08D1E}"
EndProject
Global
	GlobalSection(SolutionConfigurationPlatforms) = preSolution
		Debug|x64 = Debug|x64
		Debug|x86 = Debug|x86
		Release|x64 = Release|x64
		Release|x86 = Release|x86
	EndGlobalSection
	GlobalSection(ProjectConfigurationPlatforms) = postSolution
		{6A10C886-9816-455D-9C3D-B932785482C3}.Debug|x64.ActiveCfg = Debug|x64
		{6A10C886-9816-455D-9C3D-B932785482C3}.Debug|x64.Build.0 = Debug|x64
		{6A10C886-9816-455D-9C3D-B932785482C3}.Debug|x86.ActiveCfg = Debug|Win32
		{6A10C886-9816-455D-9C3D-B932785482C3}.Debug|x86.Build.0 = Debug|Win32
		{6A10C886-9816-455D-9C3D-B932785482C3}.Release|x64.ActiveCfg = Release|x64
		{6A10C886-9816-455D-9C3D-B932785482C3}.Release|x64.Build.0 = Release|x64
		{6A10C886-9816-455D-9C3D-B932785482C3}.Release|x86.ActiveCfg = Release|Win32
		{6A10C886-9816-455D-9C3D-B932785482C3}.Release|x86.Build.0 = Release|Win32
		{0B5F4636-BAC9-49BA-A761-129AD5BB0420}.Debug|x64.ActiveCfg = Debug|x64
		{0B5F4636-BAC9-49BA-A761-129AD5BB0420}.Debug|x64.Build.0 = Debug|x64
		{0B5F4636-BAC9-49BA-A761-129AD5BB0420}.Debug|x86.ActiveCfg = Debug|Win32
		{0B5F4636-BAC9-49BA-A761-129AD5BB0420}.Debug|x86.Build.0 = Debug|Win32
		{0B5F4636-BAC9-49BA-A761-129AD5BB0420}.Release|x64.ActiveCfg = Release|x64
		{0B5F4636-BAC9-49BA-A761-129AD5BB0420}.Release|x64.Build.0 = Release|x64
		{0B5F4636-BAC9-49BA-A761-129AD5BB0420}.Release|x86.ActiveCfg = Release|Win32
		{0B5F4636-BAC9-49BA-A761-129AD5BB0420}.Release|x86.Build.0 = Release|Win32
		{4F46F079-5A4F-44C8-A699-367D05AC65EC}.Debug|x64.ActiveCfg = Debug|x64
		{4F46F079-5A4F-44C8-A699-367D05AC65EC}.Debug|x64.Build.0 = Debug|x64
		{4F46F079-5A4F-44C8-A699-367D05AC65EC}.Debug|x86.ActiveCfg = Debug|Win32
		{4F46F079-5A4F-44C8-A699-367D05AC65EC}.Debug|x86.Build.0 = Debug|Win32
		{4F46F079-5A4F-44C8-A699-367D05AC65EC}.Release|x64.ActiveCfg = Release|x64
		{4F46F079-5A4F-44C8-A699-367D05AC65EC}.Release|x64.Build.0 = Release|x64
		{4F46F079-5A4F-44C8-A699-367D05AC65EC}.Release|x86.ActiveCfg = Release|Win32
		{4F46F079-5A4F-44C8-A699-367D05AC65EC}.Release|x86.Build.0 = Release|Win32
		{728158F7-B928-4BB6-81CB-F2101F4C585C}.Debug|x64.ActiveCfg = Debug|x64
		{728158F7-B928-4BB6-81CB-F2101F4C585C}.Debug|x64.Build.0 = Debug|x64
		{728158F7-B928-4BB6-81CB-F2101F4C585C}.Debug|x86.ActiveCfg = Debug|Win32
		{728158F7-B928-4BB6-81CB-F2101F4C585C}.Debug|x86.Build.0 = Debug|Win32
		{728158F7-B928-4BB6-81CB-F2101F4C585C}.Release|x64.ActiveCfg = Release|x64
		{728158F7-B928-4BB6-81CB-F2101F4C585C}.Release|x64.Build.0 = Release|x64
		{728158F7-B928-4BB6-81CB-F2101F4C585C}.Release|x86.ActiveCfg = Release|Win32
		{728158F7-B928-4BB6-81CB-F2101F4C585C}.Release|x86.Build.0 = Release|Win32
		{4AAE0F79-0D81-4158-B026-29E27886B05B}.Debug|x64.ActiveCfg = Debug|x64
		{4AAE0F79-0D81-4158-B026-29E27886B05B}.Debug|x64.Build.0 = Debug|x64
		{4AAE0F79-0D81-4158-B026-29E27886B05B}.Debug|x86.ActiveCfg = Debug|Win32
		{4AAE0F79-0D81-4158-B026-29E27886B05B}.Debug|x86.Build.0 = Debug|Win32
		{4AAE0F79-0D81-4158-B026-29E27886B05B}.Release|x64.ActiveCfg = Release|x64
		{4AAE0F79-0D81-4158-B026-29E27886B05B}.Release|x64.Build.0 = Release|x64
		{4AAE0F79-0D81-4158-B026-29E27886B05B}.Release|x86.ActiveCfg = Release|Win32
		{4AAE0F79-0D81-4158-B026-29E27886B05B}.Release|x86.Build.0 = Release|Win32
		{CDDE94DF-48E2-4945-87C3-30109FEC467C}.Debug|x64.ActiveCfg = Debug|x64
		{CDDE94DF-48E2-4945-87C3-30109FEC467C}.Debug|x64.Build.0 = Debug|x64
		{CDDE94DF-48E2-4945-87C3-30109FEC467C}.Debug|x86.ActiveCfg = Debug|Win32
		{CDDE94DF-48E2-4945-87C3-30109FEC467C}.Debug|x86.Build.0 = Debug|Win32
		{CDDE94DF-48E2-4945-87C3-30109FEC467C}.Release|x64.ActiveCfg = Release|x64
		{CDDE94DF-48E2-4945-87C3-30109FEC467C}.Release|x64.Build.0 = Release|x64
		{CDDE94DF-48E2-4945-87C3-30109FEC467C}.Release|x86.ActiveCfg = Release|Win32
		{CDDE94DF-48E2-4945-87C3-30109FEC467C}.Release|x86.Build.0 = Release|Win32
		{F2A81C0E-F80C-4E3C-81AB-0B83C5B0BF74}.Debug|x64.ActiveCfg = Debug|x64
		{F2A81C0E-F80C-4E3C-81AB-0B83C5B0BF74}.Debug|x64.Build.0 = Debug|x64
		{F2A81C0E-F80C-4E3C-81AB-0B83C5B0BF74}.Debug|x86.ActiveCfg = Debug|Win32
		{F2A81C0E-F80C-4E3C-81AB-0B83C5B0BF74}.Debug|x86.Build.0 = Debug|Win32
		{F2A81C0E-F80C-4E3C-81AB-0B83C5B0BF74}.Release|x64.ActiveCfg = Release|x64
		{F2A81C0E-F80C-4E3C-81AB-0B83C5B0BF74}.Release|x64.Build.0 = Release|x64
		{F2A81C0E-F80C-4E3C-81AB-0B83C5B0BF74}.Release|x86.ActiveCfg = Release|Win32
		{F2A81C0E-F80C-4E3C-81AB-0B83C5B0BF74}.Release|x86.Build.0 = Release|Win32
		{14C3BBF4-D661-4AE5-AF41-A3ADD8E6FCFC}.Debug|x64.ActiveCfg = Debug|x64
		{14C3BBF4-D661-4AE5-AF41-A3ADD8E6FCFC}.Debug|x64.Build.0 = Debug|x64
		{14C3BBF4-D661-4AE5-AF41-A3ADD8E6FCFC}.Debug|x86.ActiveCfg = Debug|Win32
		{14C3BBF4-D661-4AE5-AF41-A3ADD8E6FCFC}.Debug|x86.Build.0 = Debug|Win32
		{14C3BBF4-D661-4AE5-AF41-A3ADD8E6FCFC}.Release|x64.ActiveCfg = Release|x64
		{14C3BBF4-D661-4AE5-AF41-A3ADD8E6FCFC}.Release|x64.Build.0 = Release|x64
		{14C3BBF4-D661-4AE5-AF41-A3ADD8E6FCFC}.Release|x86.ActiveCfg = Release|Win32
		{14C3BBF4-D661-4AE5-AF41-A3ADD8E6FCFC}.Release|x86.Build.0 = Release|Win32
		{1B554498-FBBA-40FB-81E9-D7DE5BC7A3D3}.Debug|x64.ActiveCfg = Debug|x64
		{1B554498-FBBA-40FB-81E9-D7DE5BC7A3D3}.Debug|x64.Build.0 = Debug|x64
		{1B554498-FBBA-40FB-81E9-D7DE5BC7A3D3}.Debug|x86.ActiveCfg = Debug|Win32
		{1B554498-FBBA-40FB-81E9-D7DE5BC7A3D3}.Debug|x86.Build.0 = Debug|Win32
		{1B554498-FBBA-40FB-81E9-D7DE5BC7A3D3}.Release|x64.ActiveCfg = Release|x64
		{1B554498-FBBA-40FB-81E9-D7DE5BC7A3D3}.Release|x64.Build.0 = Release|x64
		{1B554498-FBBA-40FB-81E9-D7DE5BC7A3D3}.Release|x86.ActiveCfg = Release|Win32
		{1B554498-FBBA-40FB-81E9-D7DE5BC7A3D3}.Release|x86.Build.0 = Release|Win32
		{24B9D502-7746-4173-850C-6D51CFB08D1E}.Debug|x64.ActiveCfg = Debug|x64
		{24B9D502-7746-4173-850C-6D51CFB08D1E}.Debug|x64.Build.0 = Debug|x64
		{24B9D502-7746-4173-850C-6D51CFB08D1E}.Debug|x86.ActiveCfg = Debug|Win32
		{24B9D502-7746-4173-850C-6D51CFB08D1E}.Debug|x86.Build.0 = Debug|Win32
		{24B9D502-7746-4173-850C-6D51CFB08D1E}.Release|x64.ActiveCfg = Release|x64
		{24B9D502-7746-4173-850C-6D51CFB08D1E}.Release|x64.Build.0 = Release|x64
		{24B9D502-7746-4173-850C-6D51CFB08D1E}.Release|x86.ActiveCfg = Release|Win32
		{24B9D502-7746-4173-850C-6D51CFB08D1E}.Release|x86.Build.0 = Release|Win32
	EndGlobalSection
	GlobalSection(SolutionProperties) = preSolution
		HideSolutionNode = FALSE
	EndGlobalSection
	GlobalSection(ExtensibilityGlobals) = postSolution
		SolutionGuid = {F71A5153-9768-4063-A434-BC3A6E94DB6C}
	EndGlobalSection
EndGlobal
